PODS:
  - Alamofire (1.2.3)
  - KFSwiftImageLoader (1.2)
  - ObjectMapper (0.12)
  - SnapKit (0.12.0)

DEPENDENCIES:
  - Alamofire (~> 1.2.3)
  - KFSwiftImageLoader (~> 1.2)
  - ObjectMapper (~> 0.12)
  - SnapKit (~> 0.12.0)

SPEC CHECKSUMS:
  Alamofire: 5550bf0b575ed1a4bf9be572f9463e1015cc169e
  KFSwiftImageLoader: dba6081682622f392b277a6507d4f6d905a95c01
  ObjectMapper: ef4a369cbab75546029ceb7e8155772b5f8e8841
  SnapKit: 00c388aa3bf1944c1b55472f31e841f75bd83882

COCOAPODS: 0.37.2
